
Microsoft Visual Studio Solution File, Format Version 12.00
# Visual Studio Version 17
VisualStudioVersion = 17.7.34009.444
MinimumVisualStudioVersion = 10.0.40219.1
Project("{FAE04EC0-301F-11D3-BF4B-00C04F79EFBC}") = "MagicVillage_API", "MagicVillage_API\MagicVillage_API.csproj", "{AF348AF2-A9E9-4B52-A614-10CE150E10FA}"
EndProject
Global
	GlobalSection(SolutionConfigurationPlatforms) = preSolution
		Debug|Any CPU = Debug|Any CPU
		Release|Any CPU = Release|Any CPU
	EndGlobalSection
	GlobalSection(ProjectConfigurationPlatforms) = postSolution
		{AF348AF2-A9E9-4B52-A614-10CE150E10FA}.Debug|Any CPU.ActiveCfg = Debug|Any CPU
		{AF348AF2-A9E9-4B52-A614-10CE150E10FA}.Debug|Any CPU.Build.0 = Debug|Any CPU
		{AF348AF2-A9E9-4B52-A614-10CE150E10FA}.Release|Any CPU.ActiveCfg = Release|Any CPU
		{AF348AF2-A9E9-4B52-A614-10CE150E10FA}.Release|Any CPU.Build.0 = Release|Any CPU
	EndGlobalSection
	GlobalSection(SolutionProperties) = preSolution
		HideSolutionNode = FALSE
	EndGlobalSection
	GlobalSection(ExtensibilityGlobals) = postSolution
		SolutionGuid = {A40A9F0E-A433-4781-A10D-4EC8C7A70C53}
	EndGlobalSection
EndGlobal
